<?xml version="1.0" encoding="utf-8"?>
<Project ToolsVersion="4.0" xmlns="http://schemas.microsoft.com/developer/msbuild/2003">
  <ItemGroup>
    <Filter Include="Source Files">
      <UniqueIdentifier>{4FC737F1-C7A5-4376-A066-2A32D752A2FF}</UniqueIdentifier>
      <Extensions>cpp;c;cc;cxx;c++;cppm;ixx;def;odl;idl;hpj;bat;asm;asmx</Extensions>
    </Filter>
    <Filter Include="Header Files">
      <UniqueIdentifier>{93995380-89BD-4b04-88EB-625FBE52EBFB}</UniqueIdentifier>
      <Extensions>h;hh;hpp;hxx;h++;hm;inl;inc;ipp;xsd</Extensions>
    </Filter>
    <Filter Include="Resource Files">
      <UniqueIdentifier>{67DA6AB6-F800-4c08-8B7A-83BB121AAD01}</UniqueIdentifier>
      <Extensions>rc;ico;cur;bmp;dlg;rc2;rct;bin;rgs;gif;jpg;jpeg;jpe;resx;tiff;tif;png;wav;mfcribbon-ms</Extensions>
    </Filter>
  </ItemGroup>
  <ItemGroup>
    <ClInclude Include="bvh.h">
      <Filter>Header Files</Filter>
    </ClInclude>
    <ClInclude Include="core\qualifiers.h">
      <Filter>Header Files</Filter>
    </ClInclude>
    <ClInclude Include="core\vec.h">
      <Filter>Header Files</Filter>
    </ClInclude>
    <ClInclude Include="core\aabb.h">
      <Filter>Header Files</Filter>
    </ClInclude>
    <ClInclude Include="core\rng.h">
      <Filter>Header Files</Filter>
    </ClInclude>
    <ClInclude Include="core\trace_stats.h">
      <Filter>Header Files</Filter>
    </ClInclude>
    <ClInclude Include="core\ray.h">
      <Filter>Header Files</Filter>
    </ClInclude>
    <ClInclude Include="core\isect.h">
      <Filter>Header Files</Filter>
    </ClInclude>
    <ClInclude Include="util\log.h">
      <Filter>Header Files</Filter>
    </ClInclude>
    <ClInclude Include="util\timer.h">
      <Filter>Header Files</Filter>
    </ClInclude>
    <ClInclude Include="util\parallel.h">
      <Filter>Header Files</Filter>
    </ClInclude>
    <ClInclude Include="util\stats.h">
      <Filter>Header Files</Filter>
    </ClInclude>
    <ClInclude Include="util\memory.h">
      <Filter>Header Files</Filter>
    </ClInclude>
    <ClInclude Include="util\metrics.h">
      <Filter>Header Files</Filter>
    </ClInclude>
    <ClInclude Include="util\check.h">
      <Filter>Header Files</Filter>
    </ClInclude>
    <ClInclude Include="util\camera.h">
      <Filter>Header Files</Filter>
    </ClInclude>
    <ClInclude Include="util\image.h">
      <Filter>Header Files</Filter>
    </ClInclude>
    <ClInclude Include="util\mesh.h">
      <Filter>Header Files</Filter>
    </ClInclude>
    <ClInclude Include="reference\brute_force.h">
      <Filter>Header Files</Filter>
    </ClInclude>
    <ClInclude Include="core\mode.h">
      <Filter>Header Files</Filter>
    </ClInclude>
    <ClInclude Include="core\bvh2.h">
      <Filter>Header Files</Filter>
    </ClInclude>
    <ClInclude Include="build\bvh2_builder.h">
      <Filter>Header Files</Filter>
    </ClInclude>
    <ClInclude Include="core\traverse_bvh2.h">
      <Filter>Header Files</Filter>
    </ClInclude>
    <ClInclude Include="core\sampling.h">
      <Filter>Header Files</Filter>
    </ClInclude>
    <ClInclude Include="eval\directional_geometry.h">
      <Filter>Header Files</Filter>
    </ClInclude>
    <ClInclude Include="eval\directional_probe.h">
      <Filter>Header Files</Filter>
    </ClInclude>
    <ClInclude Include="eval\quality.h">
      <Filter>Header Files</Filter>
    </ClInclude>
    <ClInclude Include="eval\rayset.h">
      <Filter>Header Files</Filter>
    </ClInclude>
    <ClInclude Include="eval\trace.h">
      <Filter>Header Files</Filter>
    </ClInclude>
    <ClInclude Include="build\collapse.h">
      <Filter>Header Files</Filter>
    </ClInclude>
    <ClInclude Include="build\collapse_weights.h">
      <Filter>Header Files</Filter>
    </ClInclude>
    <ClInclude Include="eval\direction_stats.h">
      <Filter>Header Files</Filter>
    </ClInclude>
  </ItemGroup>
  <ItemGroup>
    <ClCompile Include="util\log.cpp">
      <Filter>Source Files</Filter>
    </ClCompile>
    <ClCompile Include="util\stats.cpp">
      <Filter>Source Files</Filter>
    </ClCompile>
    <ClCompile Include="util\memory.cpp">
      <Filter>Source Files</Filter>
    </ClCompile>
    <ClCompile Include="util\metrics.cpp">
      <Filter>Source Files</Filter>
    </ClCompile>
    <ClCompile Include="util\check.cpp">
      <Filter>Source Files</Filter>
    </ClCompile>
    <ClCompile Include="util\camera.cpp">
      <Filter>Source Files</Filter>
    </ClCompile>
    <ClCompile Include="util\image.cpp">
      <Filter>Source Files</Filter>
    </ClCompile>
    <ClCompile Include="util\mesh.cpp">
      <Filter>Source Files</Filter>
    </ClCompile>
    <ClCompile Include="reference\brute_force.cpp">
      <Filter>Source Files</Filter>
    </ClCompile>
    <ClCompile Include="build\bvh2_builder.cpp">
      <Filter>Source Files</Filter>
    </ClCompile>
    <ClCompile Include="eval\directional_geometry.cpp">
      <Filter>Source Files</Filter>
    </ClCompile>
    <ClCompile Include="eval\directional_probe.cpp">
      <Filter>Source Files</Filter>
    </ClCompile>
    <ClCompile Include="eval\quality.cpp">
      <Filter>Source Files</Filter>
    </ClCompile>
    <ClCompile Include="eval\rayset.cpp">
      <Filter>Source Files</Filter>
    </ClCompile>
    <ClCompile Include="eval\trace.cpp">
      <Filter>Source Files</Filter>
    </ClCompile>
    <ClCompile Include="build\collapse.cpp">
      <Filter>Source Files</Filter>
    </ClCompile>
    <ClCompile Include="build\collapse_weights.cpp">
      <Filter>Source Files</Filter>
    </ClCompile>
    <ClCompile Include="eval\direction_stats.cpp">
      <Filter>Source Files</Filter>
    </ClCompile>
  </ItemGroup>
</Project>